{
  "version": "5",
  "specifiers": {
    "npm:@livestore/livestore@~0.3.1": "0.3.1_@opentelemetry+api@1.9.0"
  },
  "npm": {
    "@effect/cli@0.61.8_@effect+platform@0.82.8__effect@3.15.5_@effect+printer@0.43.5__@effect+typeclass@0.34.5___effect@3.15.5__effect@3.15.5_@effect+printer-ansi@0.43.5__@effect+typeclass@0.34.5___effect@3.15.5__effect@3.15.5_effect@3.15.5_@effect+typeclass@0.34.5__effect@3.15.5": {
      "integrity": "sha512-CRdzBUW3SkjsL1Og5bnh7nt1VN0JwNLyfnjlzTWwtIm07WFFdcZXUXquFJfmU++eTP5Kfp8JbZYvsHwmzg/q1w==",
      "dependencies": [
        "@effect/platform",
        "@effect/printer",
        "@effect/printer-ansi",
        "effect",
        "ini",
        "toml",
        "yaml"
      ]
    },
    "@effect/cluster@0.34.5_@effect+platform@0.82.8__effect@3.15.5_@effect+rpc@0.59.9__@effect+platform@0.82.8___effect@3.15.5__effect@3.15.5_@effect+sql@0.35.8__@effect+experimental@0.46.8___@effect+platform@0.82.8____effect@3.15.5___effect@3.15.5__@effect+platform@0.82.8___effect@3.15.5__effect@3.15.5_effect@3.15.5_@effect+experimental@0.46.8__@effect+platform@0.82.8___effect@3.15.5__effect@3.15.5": {
      "integrity": "sha512-QlXfP8sTTijyw0XQdMFmjIVywqhrbrIuQ64RIazuNdiHkBMLGqkXPerFXdQwaeDeCb8iWy4vAUZSPqThCeHIdw==",
      "dependencies": [
        "@effect/platform",
        "@effect/rpc",
        "@effect/sql",
        "effect"
      ]
    },
    "@effect/experimental@0.46.8_@effect+platform@0.82.8__effect@3.15.5_effect@3.15.5": {
      "integrity": "sha512-2XasqFLQZFy2PGybFdBjgflXFfPuorc/6DMxogeTDHknZa0RH4KoJQQlWaCngbKMsZrZcv0jV+Zi4aDZsVGl7g==",
      "dependencies": [
        "@effect/platform",
        "effect",
        "uuid"
      ]
    },
    "@effect/opentelemetry@0.48.8_@effect+platform@0.82.8__effect@3.15.5_@opentelemetry+api@1.9.0_@opentelemetry+resources@2.0.1__@opentelemetry+api@1.9.0_@opentelemetry+semantic-conventions@1.34.0_effect@3.15.5": {
      "integrity": "sha512-ZULA3TSLVx3ylcWcmwg5wHiDIMc+LWPxUQVEqE5I+PgqNcPuhk11DjLO+ZYPWbQ2nF7NsawMactNOVCZLMQa7Q==",
      "dependencies": [
        "@effect/platform",
        "@opentelemetry/api",
        "@opentelemetry/resources",
        "@opentelemetry/semantic-conventions",
        "effect"
      ],
      "optionalPeers": [
        "@opentelemetry/api",
        "@opentelemetry/resources"
      ]
    },
    "@effect/platform-browser@0.62.8_@effect+platform@0.82.8__effect@3.15.5_effect@3.15.5": {
      "integrity": "sha512-xMLpEOrQcZnqZH/DIBjZdYo6W2gtFPgbrt8uxKhDg/GrEXPLJW/yxuKh7JCO/yuQWWZf6o/qhgEVHB406ppwYg==",
      "dependencies": [
        "@effect/platform",
        "effect",
        "multipasta"
      ]
    },
    "@effect/platform-bun@0.65.5_@effect+cluster@0.34.5__@effect+platform@0.82.8___effect@3.15.5__@effect+rpc@0.59.9___@effect+platform@0.82.8____effect@3.15.5___effect@3.15.5__@effect+sql@0.35.8___@effect+experimental@0.46.8____@effect+platform@0.82.8_____effect@3.15.5____effect@3.15.5___@effect+platform@0.82.8____effect@3.15.5___effect@3.15.5__effect@3.15.5__@effect+experimental@0.46.8___@effect+platform@0.82.8____effect@3.15.5___effect@3.15.5_@effect+platform@0.82.8__effect@3.15.5_@effect+rpc@0.59.9__@effect+platform@0.82.8___effect@3.15.5__effect@3.15.5_@effect+sql@0.35.8__@effect+experimental@0.46.8___@effect+platform@0.82.8____effect@3.15.5___effect@3.15.5__@effect+platform@0.82.8___effect@3.15.5__effect@3.15.5_effect@3.15.5_@effect+experimental@0.46.8__@effect+platform@0.82.8___effect@3.15.5__effect@3.15.5": {
      "integrity": "sha512-XAbcJ9UbyCHzEWrUg2kGrZBAnQgVR6MRva1NWf7oU9+Q7SgDuMriNhvIOm9OTjS5KWrwTlzYa8Lr0gmCNEkewQ==",
      "dependencies": [
        "@effect/cluster",
        "@effect/platform",
        "@effect/platform-node-shared",
        "@effect/rpc",
        "@effect/sql",
        "effect",
        "multipasta"
      ]
    },
    "@effect/platform-node-shared@0.35.5_@effect+cluster@0.34.5__@effect+platform@0.82.8___effect@3.15.5__@effect+rpc@0.59.9___@effect+platform@0.82.8____effect@3.15.5___effect@3.15.5__@effect+sql@0.35.8___@effect+experimental@0.46.8____@effect+platform@0.82.8_____effect@3.15.5____effect@3.15.5___@effect+platform@0.82.8____effect@3.15.5___effect@3.15.5__effect@3.15.5__@effect+experimental@0.46.8___@effect+platform@0.82.8____effect@3.15.5___effect@3.15.5_@effect+platform@0.82.8__effect@3.15.5_@effect+rpc@0.59.9__@effect+platform@0.82.8___effect@3.15.5__effect@3.15.5_@effect+sql@0.35.8__@effect+experimental@0.46.8___@effect+platform@0.82.8____effect@3.15.5___effect@3.15.5__@effect+platform@0.82.8___effect@3.15.5__effect@3.15.5_effect@3.15.5_@effect+experimental@0.46.8__@effect+platform@0.82.8___effect@3.15.5__effect@3.15.5": {
      "integrity": "sha512-F0Hh+aueRxOw2vqo9LNqWh31ch5WBhz0Hp0vYQ8jntjLOsvN5oX/0JbGO4E5BNsMZV5HCraP6I4ACjP3KUnvCQ==",
      "dependencies": [
        "@effect/cluster",
        "@effect/platform",
        "@effect/rpc",
        "@effect/sql",
        "@parcel/watcher",
        "effect",
        "multipasta",
        "ws"
      ]
    },
    "@effect/platform-node@0.81.5_@effect+cluster@0.34.5__@effect+platform@0.82.8___effect@3.15.5__@effect+rpc@0.59.9___@effect+platform@0.82.8____effect@3.15.5___effect@3.15.5__@effect+sql@0.35.8___@effect+experimental@0.46.8____@effect+platform@0.82.8_____effect@3.15.5____effect@3.15.5___@effect+platform@0.82.8____effect@3.15.5___effect@3.15.5__effect@3.15.5__@effect+experimental@0.46.8___@effect+platform@0.82.8____effect@3.15.5___effect@3.15.5_@effect+platform@0.82.8__effect@3.15.5_@effect+rpc@0.59.9__@effect+platform@0.82.8___effect@3.15.5__effect@3.15.5_@effect+sql@0.35.8__@effect+experimental@0.46.8___@effect+platform@0.82.8____effect@3.15.5___effect@3.15.5__@effect+platform@0.82.8___effect@3.15.5__effect@3.15.5_effect@3.15.5_@effect+experimental@0.46.8__@effect+platform@0.82.8___effect@3.15.5__effect@3.15.5": {
      "integrity": "sha512-iRJolgh/DWjs6LjhDY38XtWwxI42sXfdKYD25syl2I1sUm4j/+NBaMOA4OPyf6DNKHIYU82nVyXEGNtrBlFWww==",
      "dependencies": [
        "@effect/cluster",
        "@effect/platform",
        "@effect/platform-node-shared",
        "@effect/rpc",
        "@effect/sql",
        "effect",
        "mime",
        "undici",
        "ws"
      ]
    },
    "@effect/platform@0.82.8_effect@3.15.5": {
      "integrity": "sha512-JEnIACWM2CfyKbf31dPzC903iF11SfiAk74Xs43Ez+n1ieQz2Ew2S/99KBbuesIKkDScLtn8PI23EBFMQiL0Ow==",
      "dependencies": [
        "effect",
        "find-my-way-ts",
        "msgpackr@1.11.4",
        "multipasta"
      ]
    },
    "@effect/printer-ansi@0.43.5_@effect+typeclass@0.34.5__effect@3.15.5_effect@3.15.5": {
      "integrity": "sha512-EQXEKevlBIZPoVGhUi1gybkMrJc9zBKr8SiCN+xVvf2qW6K0I/oOGw58lqWXA3gKfughZBX8MkCVfqWDJlrpmw==",
      "dependencies": [
        "@effect/printer",
        "@effect/typeclass",
        "effect"
      ]
    },
    "@effect/printer@0.43.5_@effect+typeclass@0.34.5__effect@3.15.5_effect@3.15.5": {
      "integrity": "sha512-0e+GlRzP1EMFlkkNozjvlNGq2T5VgstO6BDffY+MSqic6OZyd3nyM83CCHOCOT0+0legzr7qaHtY4WdCb0GdLA==",
      "dependencies": [
        "@effect/typeclass",
        "effect"
      ]
    },
    "@effect/rpc@0.59.9_@effect+platform@0.82.8__effect@3.15.5_effect@3.15.5": {
      "integrity": "sha512-9Nw6YRBbTgsCyVb7/AMCTML7cE6v38cN0I7tP05XAlvKdmCroifaNopDCO7w1C3EPeNBG42nYuYnwU6L0Atnhg==",
      "dependencies": [
        "@effect/platform",
        "effect"
      ]
    },
    "@effect/sql@0.35.8_@effect+experimental@0.46.8__@effect+platform@0.82.8___effect@3.15.5__effect@3.15.5_@effect+platform@0.82.8__effect@3.15.5_effect@3.15.5": {
      "integrity": "sha512-M1x6XMWkIHMY7iHbZgHVpq1jhhX+oFBN5LcL7Oc7cy3h2rtWf9VH2WvC2ivc2gscoKSpITlxEhGNHDFy9YrCSw==",
      "dependencies": [
        "@effect/experimental",
        "@effect/platform",
        "@opentelemetry/semantic-conventions",
        "effect",
        "uuid"
      ]
    },
    "@effect/typeclass@0.34.5_effect@3.15.5": {
      "integrity": "sha512-nC00DQoD2Tx7EMC1B1UvgPLr7QsG5Ck2nHn94LZl5ddteDNQLPAVkAWSKM+BE5ILyE1eMTblQ+EcomPW2rtUdg==",
      "dependencies": [
        "effect"
      ]
    },
    "@livestore/common@0.3.1_@opentelemetry+api@1.9.0_graphology-types@0.24.8": {
      "integrity": "sha512-D44ia+zVH8EF0TWGUp0GQnCVvCsGKgKD/ryFl+kx607/l7GDUSagNnWkRmMwhhshJSJblQwouhA9fwjDNTBB2g==",
      "dependencies": [
        "@livestore/utils",
        "@livestore/webmesh",
        "@opentelemetry/api",
        "graphology",
        "graphology-dag",
        "graphology-types"
      ]
    },
    "@livestore/livestore@0.3.1_@opentelemetry+api@1.9.0": {
      "integrity": "sha512-imw1JK5i82yTmSC4PRoZ1gUiG39jasR49c5TPQI/MCIFSbgqcKS0x1IPoB8js6tlPoVm+iH7p4JTAQKYC2q3Pg==",
      "dependencies": [
        "@livestore/common",
        "@livestore/utils",
        "@opentelemetry/api"
      ]
    },
    "@livestore/utils@0.3.1_@effect+cli@0.61.8__@effect+platform@0.82.8___effect@3.15.5__@effect+printer@0.43.5___@effect+typeclass@0.34.5____effect@3.15.5___effect@3.15.5__@effect+printer-ansi@0.43.5___@effect+typeclass@0.34.5____effect@3.15.5___effect@3.15.5__effect@3.15.5__@effect+typeclass@0.34.5___effect@3.15.5_@effect+cluster@0.34.5__@effect+platform@0.82.8___effect@3.15.5__@effect+rpc@0.59.9___@effect+platform@0.82.8____effect@3.15.5___effect@3.15.5__@effect+sql@0.35.8___@effect+experimental@0.46.8____@effect+platform@0.82.8_____effect@3.15.5____effect@3.15.5___@effect+platform@0.82.8____effect@3.15.5___effect@3.15.5__effect@3.15.5__@effect+experimental@0.46.8___@effect+platform@0.82.8____effect@3.15.5___effect@3.15.5_@effect+experimental@0.46.8__@effect+platform@0.82.8___effect@3.15.5__effect@3.15.5_@effect+opentelemetry@0.48.8__@effect+platform@0.82.8___effect@3.15.5__@opentelemetry+api@1.9.0__@opentelemetry+resources@2.0.1___@opentelemetry+api@1.9.0__@opentelemetry+semantic-conventions@1.34.0__effect@3.15.5_@effect+platform@0.82.8__effect@3.15.5_@effect+platform-browser@0.62.8__@effect+platform@0.82.8___effect@3.15.5__effect@3.15.5_@effect+platform-bun@0.65.5__@effect+cluster@0.34.5___@effect+platform@0.82.8____effect@3.15.5___@effect+rpc@0.59.9____@effect+platform@0.82.8_____effect@3.15.5____effect@3.15.5___@effect+sql@0.35.8____@effect+experimental@0.46.8_____@effect+platform@0.82.8______effect@3.15.5_____effect@3.15.5____@effect+platform@0.82.8_____effect@3.15.5____effect@3.15.5___effect@3.15.5___@effect+experimental@0.46.8____@effect+platform@0.82.8_____effect@3.15.5____effect@3.15.5__@effect+platform@0.82.8___effect@3.15.5__@effect+rpc@0.59.9___@effect+platform@0.82.8____effect@3.15.5___effect@3.15.5__@effect+sql@0.35.8___@effect+experimental@0.46.8____@effect+platform@0.82.8_____effect@3.15.5____effect@3.15.5___@effect+platform@0.82.8____effect@3.15.5___effect@3.15.5__effect@3.15.5__@effect+experimental@0.46.8___@effect+platform@0.82.8____effect@3.15.5___effect@3.15.5_@effect+platform-node@0.81.5__@effect+cluster@0.34.5___@effect+platform@0.82.8____effect@3.15.5___@effect+rpc@0.59.9____@effect+platform@0.82.8_____effect@3.15.5____effect@3.15.5___@effect+sql@0.35.8____@effect+experimental@0.46.8_____@effect+platform@0.82.8______effect@3.15.5_____effect@3.15.5____@effect+platform@0.82.8_____effect@3.15.5____effect@3.15.5___effect@3.15.5___@effect+experimental@0.46.8____@effect+platform@0.82.8_____effect@3.15.5____effect@3.15.5__@effect+platform@0.82.8___effect@3.15.5__@effect+rpc@0.59.9___@effect+platform@0.82.8____effect@3.15.5___effect@3.15.5__@effect+sql@0.35.8___@effect+experimental@0.46.8____@effect+platform@0.82.8_____effect@3.15.5____effect@3.15.5___@effect+platform@0.82.8____effect@3.15.5___effect@3.15.5__effect@3.15.5__@effect+experimental@0.46.8___@effect+platform@0.82.8____effect@3.15.5___effect@3.15.5_@effect+printer@0.43.5__@effect+typeclass@0.34.5___effect@3.15.5__effect@3.15.5_@effect+printer-ansi@0.43.5__@effect+typeclass@0.34.5___effect@3.15.5__effect@3.15.5_@effect+rpc@0.59.9__@effect+platform@0.82.8___effect@3.15.5__effect@3.15.5_@effect+sql@0.35.8__@effect+experimental@0.46.8___@effect+platform@0.82.8____effect@3.15.5___effect@3.15.5__@effect+platform@0.82.8___effect@3.15.5__effect@3.15.5_@effect+typeclass@0.34.5__effect@3.15.5_@opentelemetry+api@1.9.0_@opentelemetry+resources@2.0.1__@opentelemetry+api@1.9.0_effect@3.15.5": {
      "integrity": "sha512-DFgrKpVIu/Nn9GE0QG2uitrFLF63aIiV5rencAk3kigNPzq4iBao05wvT/JVqgRxxiM7F1SuAZYogwM4QdpcDA==",
      "dependencies": [
        "@effect/cli",
        "@effect/cluster",
        "@effect/experimental",
        "@effect/opentelemetry",
        "@effect/platform",
        "@effect/platform-browser",
        "@effect/platform-bun",
        "@effect/platform-node",
        "@effect/printer",
        "@effect/printer-ansi",
        "@effect/rpc",
        "@effect/sql",
        "@effect/typeclass",
        "@opentelemetry/api",
        "@opentelemetry/resources",
        "@standard-schema/spec",
        "effect",
        "msgpackr@1.11.2",
        "nanoid",
        "pretty-bytes"
      ]
    },
    "@livestore/webmesh@0.3.1_@opentelemetry+api@1.9.0": {
      "integrity": "sha512-JLYFgiOf1r7xqN7SkwdHNZdZ+geQlEdC9rg81DeC839vqqshA5TEhh045dhEkeyVJZqeg44vX5adUX6FOkhTfg==",
      "dependencies": [
        "@livestore/utils"
      ]
    },
    "@msgpackr-extract/msgpackr-extract-darwin-arm64@3.0.3": {
      "integrity": "sha512-QZHtlVgbAdy2zAqNA9Gu1UpIuI8Xvsd1v8ic6B2pZmeFnFcMWiPLfWXh7TVw4eGEZ/C9TH281KwhVoeQUKbyjw==",
      "os": ["darwin"],
      "cpu": ["arm64"]
    },
    "@msgpackr-extract/msgpackr-extract-darwin-x64@3.0.3": {
      "integrity": "sha512-mdzd3AVzYKuUmiWOQ8GNhl64/IoFGol569zNRdkLReh6LRLHOXxU4U8eq0JwaD8iFHdVGqSy4IjFL4reoWCDFw==",
      "os": ["darwin"],
      "cpu": ["x64"]
    },
    "@msgpackr-extract/msgpackr-extract-linux-arm64@3.0.3": {
      "integrity": "sha512-YxQL+ax0XqBJDZiKimS2XQaf+2wDGVa1enVRGzEvLLVFeqa5kx2bWbtcSXgsxjQB7nRqqIGFIcLteF/sHeVtQg==",
      "os": ["linux"],
      "cpu": ["arm64"]
    },
    "@msgpackr-extract/msgpackr-extract-linux-arm@3.0.3": {
      "integrity": "sha512-fg0uy/dG/nZEXfYilKoRe7yALaNmHoYeIoJuJ7KJ+YyU2bvY8vPv27f7UKhGRpY6euFYqEVhxCFZgAUNQBM3nw==",
      "os": ["linux"],
      "cpu": ["arm"]
    },
    "@msgpackr-extract/msgpackr-extract-linux-x64@3.0.3": {
      "integrity": "sha512-cvwNfbP07pKUfq1uH+S6KJ7dT9K8WOE4ZiAcsrSes+UY55E/0jLYc+vq+DO7jlmqRb5zAggExKm0H7O/CBaesg==",
      "os": ["linux"],
      "cpu": ["x64"]
    },
    "@msgpackr-extract/msgpackr-extract-win32-x64@3.0.3": {
      "integrity": "sha512-x0fWaQtYp4E6sktbsdAqnehxDgEc/VwM7uLsRCYWaiGu0ykYdZPiS8zCWdnjHwyiumousxfBm4SO31eXqwEZhQ==",
      "os": ["win32"],
      "cpu": ["x64"]
    },
    "@opentelemetry/api@1.9.0": {
      "integrity": "sha512-3giAOQvZiH5F9bMlMiv8+GSPMeqg0dbaeo58/0SlA9sxSqZhnUtxzX9/2FzyhS9sWQf5S0GJE0AKBrFqjpeYcg=="
    },
    "@opentelemetry/core@2.0.1_@opentelemetry+api@1.9.0": {
      "integrity": "sha512-MaZk9SJIDgo1peKevlbhP6+IwIiNPNmswNL4AF0WaQJLbHXjr9SrZMgS12+iqr9ToV4ZVosCcc0f8Rg67LXjxw==",
      "dependencies": [
        "@opentelemetry/api",
        "@opentelemetry/semantic-conventions"
      ]
    },
    "@opentelemetry/resources@2.0.1_@opentelemetry+api@1.9.0": {
      "integrity": "sha512-dZOB3R6zvBwDKnHDTB4X1xtMArB/d324VsbiPkX/Yu0Q8T2xceRthoIVFhJdvgVM2QhGVUyX9tzwiNxGtoBJUw==",
      "dependencies": [
        "@opentelemetry/api",
        "@opentelemetry/core",
        "@opentelemetry/semantic-conventions"
      ]
    },
    "@opentelemetry/semantic-conventions@1.34.0": {
      "integrity": "sha512-aKcOkyrorBGlajjRdVoJWHTxfxO1vCNHLJVlSDaRHDIdjU+pX8IYQPvPDkYiujKLbRnWU+1TBwEt0QRgSm4SGA=="
    },
    "@parcel/watcher-android-arm64@2.5.1": {
      "integrity": "sha512-KF8+j9nNbUN8vzOFDpRMsaKBHZ/mcjEjMToVMJOhTozkDonQFFrRcfdLWn6yWKCmJKmdVxSgHiYvTCef4/qcBA==",
      "os": ["android"],
      "cpu": ["arm64"]
    },
    "@parcel/watcher-darwin-arm64@2.5.1": {
      "integrity": "sha512-eAzPv5osDmZyBhou8PoF4i6RQXAfeKL9tjb3QzYuccXFMQU0ruIc/POh30ePnaOyD1UXdlKguHBmsTs53tVoPw==",
      "os": ["darwin"],
      "cpu": ["arm64"]
    },
    "@parcel/watcher-darwin-x64@2.5.1": {
      "integrity": "sha512-1ZXDthrnNmwv10A0/3AJNZ9JGlzrF82i3gNQcWOzd7nJ8aj+ILyW1MTxVk35Db0u91oD5Nlk9MBiujMlwmeXZg==",
      "os": ["darwin"],
      "cpu": ["x64"]
    },
    "@parcel/watcher-freebsd-x64@2.5.1": {
      "integrity": "sha512-SI4eljM7Flp9yPuKi8W0ird8TI/JK6CSxju3NojVI6BjHsTyK7zxA9urjVjEKJ5MBYC+bLmMcbAWlZ+rFkLpJQ==",
      "os": ["freebsd"],
      "cpu": ["x64"]
    },
    "@parcel/watcher-linux-arm-glibc@2.5.1": {
      "integrity": "sha512-RCdZlEyTs8geyBkkcnPWvtXLY44BCeZKmGYRtSgtwwnHR4dxfHRG3gR99XdMEdQ7KeiDdasJwwvNSF5jKtDwdA==",
      "os": ["linux"],
      "cpu": ["arm"]
    },
    "@parcel/watcher-linux-arm-musl@2.5.1": {
      "integrity": "sha512-6E+m/Mm1t1yhB8X412stiKFG3XykmgdIOqhjWj+VL8oHkKABfu/gjFj8DvLrYVHSBNC+/u5PeNrujiSQ1zwd1Q==",
      "os": ["linux"],
      "cpu": ["arm"]
    },
    "@parcel/watcher-linux-arm64-glibc@2.5.1": {
      "integrity": "sha512-LrGp+f02yU3BN9A+DGuY3v3bmnFUggAITBGriZHUREfNEzZh/GO06FF5u2kx8x+GBEUYfyTGamol4j3m9ANe8w==",
      "os": ["linux"],
      "cpu": ["arm64"]
    },
    "@parcel/watcher-linux-arm64-musl@2.5.1": {
      "integrity": "sha512-cFOjABi92pMYRXS7AcQv9/M1YuKRw8SZniCDw0ssQb/noPkRzA+HBDkwmyOJYp5wXcsTrhxO0zq1U11cK9jsFg==",
      "os": ["linux"],
      "cpu": ["arm64"]
    },
    "@parcel/watcher-linux-x64-glibc@2.5.1": {
      "integrity": "sha512-GcESn8NZySmfwlTsIur+49yDqSny2IhPeZfXunQi48DMugKeZ7uy1FX83pO0X22sHntJ4Ub+9k34XQCX+oHt2A==",
      "os": ["linux"],
      "cpu": ["x64"]
    },
    "@parcel/watcher-linux-x64-musl@2.5.1": {
      "integrity": "sha512-n0E2EQbatQ3bXhcH2D1XIAANAcTZkQICBPVaxMeaCVBtOpBZpWJuf7LwyWPSBDITb7In8mqQgJ7gH8CILCURXg==",
      "os": ["linux"],
      "cpu": ["x64"]
    },
    "@parcel/watcher-win32-arm64@2.5.1": {
      "integrity": "sha512-RFzklRvmc3PkjKjry3hLF9wD7ppR4AKcWNzH7kXR7GUe0Igb3Nz8fyPwtZCSquGrhU5HhUNDr/mKBqj7tqA2Vw==",
      "os": ["win32"],
      "cpu": ["arm64"]
    },
    "@parcel/watcher-win32-ia32@2.5.1": {
      "integrity": "sha512-c2KkcVN+NJmuA7CGlaGD1qJh1cLfDnQsHjE89E60vUEMlqduHGCdCLJCID5geFVM0dOtA3ZiIO8BoEQmzQVfpQ==",
      "os": ["win32"],
      "cpu": ["ia32"]
    },
    "@parcel/watcher-win32-x64@2.5.1": {
      "integrity": "sha512-9lHBdJITeNR++EvSQVUcaZoWupyHfXe1jZvGZ06O/5MflPcuPLtEphScIBL+AiCWBO46tDSHzWyD0uDmmZqsgA==",
      "os": ["win32"],
      "cpu": ["x64"]
    },
    "@parcel/watcher@2.5.1": {
      "integrity": "sha512-dfUnCxiN9H4ap84DvD2ubjw+3vUNpstxa0TneY/Paat8a3R4uQZDLSvWjmznAY/DoahqTHl9V46HF/Zs3F29pg==",
      "dependencies": [
        "detect-libc@1.0.3",
        "is-glob",
        "micromatch",
        "node-addon-api"
      ],
      "optionalDependencies": [
        "@parcel/watcher-android-arm64",
        "@parcel/watcher-darwin-arm64",
        "@parcel/watcher-darwin-x64",
        "@parcel/watcher-freebsd-x64",
        "@parcel/watcher-linux-arm-glibc",
        "@parcel/watcher-linux-arm-musl",
        "@parcel/watcher-linux-arm64-glibc",
        "@parcel/watcher-linux-arm64-musl",
        "@parcel/watcher-linux-x64-glibc",
        "@parcel/watcher-linux-x64-musl",
        "@parcel/watcher-win32-arm64",
        "@parcel/watcher-win32-ia32",
        "@parcel/watcher-win32-x64"
      ],
      "scripts": true
    },
    "@standard-schema/spec@1.0.0": {
      "integrity": "sha512-m2bOd0f2RT9k8QJx1JN85cZYyH1RqFBdlwtkSlf4tBDYLCiiZnv1fIIwacK6cqwXavOydf0NPToMQgpKq+dVlA=="
    },
    "braces@3.0.3": {
      "integrity": "sha512-yQbXgO/OSZVD2IsiLlro+7Hf6Q18EJrKSEsdoMzKePKXct3gvD8oLcOQdIzGupr5Fj+EDe8gO/lxc1BzfMpxvA==",
      "dependencies": [
        "fill-range"
      ]
    },
    "detect-libc@1.0.3": {
      "integrity": "sha512-pGjwhsmsp4kL2RTz08wcOlGN83otlqHeD/Z5T8GXZB+/YcpQ/dgo+lbU8ZsGxV0HIvqqxo9l7mqYwyYMD9bKDg==",
      "bin": true
    },
    "detect-libc@2.0.4": {
      "integrity": "sha512-3UDv+G9CsCKO1WKMGw9fwq/SWJYbI0c5Y7LU1AXYoDdbhE2AHQ6N6Nb34sG8Fj7T5APy8qXDCKuuIHd1BR0tVA=="
    },
    "effect@3.15.5": {
      "integrity": "sha512-9IA4xu9niyDIuWkS/whroDj3u2nbccw+9fQ9sKCzaEtuwTV5SSoNvp8XOozeSF/0Nwnh+mx2+ShYYgSueOTmMw==",
      "dependencies": [
        "@standard-schema/spec",
        "fast-check"
      ]
    },
    "events@3.3.0": {
      "integrity": "sha512-mQw+2fkQbALzQ7V0MY0IqdnXNOeTtP4r0lN9z7AAawCXgqea7bDii20AYrIBrFd/Hx0M2Ocz6S111CaFkUcb0Q=="
    },
    "fast-check@3.23.2": {
      "integrity": "sha512-h5+1OzzfCC3Ef7VbtKdcv7zsstUQwUDlYpUTvjeUsJAssPgLn7QzbboPtL5ro04Mq0rPOsMzl7q5hIbRs2wD1A==",
      "dependencies": [
        "pure-rand"
      ]
    },
    "fill-range@7.1.1": {
      "integrity": "sha512-YsGpe3WHLK8ZYi4tWDg2Jy3ebRz2rXowDxnld4bkQB00cc/1Zw9AWnC0i9ztDJitivtQvaI9KaLyKrc+hBW0yg==",
      "dependencies": [
        "to-regex-range"
      ]
    },
    "find-my-way-ts@0.1.5": {
      "integrity": "sha512-4GOTMrpGQVzsCH2ruUn2vmwzV/02zF4q+ybhCIrw/Rkt3L8KWcycdC6aJMctJzwN4fXD4SD5F/4B9Sksh5rE0A=="
    },
    "graphology-dag@0.4.1_graphology-types@0.24.8": {
      "integrity": "sha512-3ch9oOAnHZDoT043vyg7ukmSkKJ505nFzaHaYOn0IF2PgGo5VtIavyVK4UpbIa4tli3hhGm1ZTdBsubTmaxu/w==",
      "dependencies": [
        "graphology-types",
        "graphology-utils",
        "mnemonist"
      ]
    },
    "graphology-types@0.24.8": {
      "integrity": "sha512-hDRKYXa8TsoZHjgEaysSRyPdT6uB78Ci8WnjgbStlQysz7xR52PInxNsmnB7IBOM1BhikxkNyCVEFgmPKnpx3Q=="
    },
    "graphology-utils@2.5.2_graphology-types@0.24.8": {
      "integrity": "sha512-ckHg8MXrXJkOARk56ZaSCM1g1Wihe2d6iTmz1enGOz4W/l831MBCKSayeFQfowgF8wd+PQ4rlch/56Vs/VZLDQ==",
      "dependencies": [
        "graphology-types"
      ]
    },
    "graphology@0.26.0-alpha1_graphology-types@0.24.8": {
      "integrity": "sha512-XQ3b+P3Vvljq/mF+O15R5PlR8kVpRL8K8vhJWW9Enh2+iGNn5c3WZNpXP2OaAacfNV3a9gV3Ia6+Qz6do2JZ8w==",
      "dependencies": [
        "events",
        "graphology-types",
        "obliterator"
      ]
    },
    "ini@4.1.3": {
      "integrity": "sha512-X7rqawQBvfdjS10YU1y1YVreA3SsLrW9dX2CewP2EbBJM4ypVNLDkO5y04gejPwKIY9lR+7r9gn3rFPt/kmWFg=="
    },
    "is-extglob@2.1.1": {
      "integrity": "sha512-SbKbANkN603Vi4jEZv49LeVJMn4yGwsbzZworEoyEiutsN3nJYdbO36zfhGJ6QEDpOZIFkDtnq5JRxmvl3jsoQ=="
    },
    "is-glob@4.0.3": {
      "integrity": "sha512-xelSayHH36ZgE7ZWhli7pW34hNbNl8Ojv5KVmkJD4hBdD3th8Tfk9vYasLM+mXWOZhFkgZfxhLSnrwRr4elSSg==",
      "dependencies": [
        "is-extglob"
      ]
    },
    "is-number@7.0.0": {
      "integrity": "sha512-41Cifkg6e8TylSpdtTpeLVMqvSBEVzTttHvERD741+pnZ8ANv0004MRL43QKPDlK9cGvNp6NZWZUBlbGXYxxng=="
    },
    "micromatch@4.0.8": {
      "integrity": "sha512-PXwfBhYu0hBCPw8Dn0E+WDYb7af3dSLVWKi3HGv84IdF4TyFoC0ysxFd0Goxw7nSv4T/PzEJQxsYsEiFCKo2BA==",
      "dependencies": [
        "braces",
        "picomatch"
      ]
    },
    "mime@3.0.0": {
      "integrity": "sha512-jSCU7/VB1loIWBZe14aEYHU/+1UMEHoaO7qxCOVJOw9GgH72VAWppxNcjU+x9a2k3GSIBXNKxXQFqRvvZ7vr3A==",
      "bin": true
    },
    "mnemonist@0.39.8": {
      "integrity": "sha512-vyWo2K3fjrUw8YeeZ1zF0fy6Mu59RHokURlld8ymdUPjMlD9EC9ov1/YPqTgqRvUN9nTr3Gqfz29LYAmu0PHPQ==",
      "dependencies": [
        "obliterator"
      ]
    },
    "msgpackr-extract@3.0.3": {
      "integrity": "sha512-P0efT1C9jIdVRefqjzOQ9Xml57zpOXnIuS+csaB4MdZbTdmGDLo8XhzBG1N7aO11gKDDkJvBLULeFTo46wwreA==",
      "dependencies": [
        "node-gyp-build-optional-packages"
      ],
      "optionalDependencies": [
        "@msgpackr-extract/msgpackr-extract-darwin-arm64",
        "@msgpackr-extract/msgpackr-extract-darwin-x64",
        "@msgpackr-extract/msgpackr-extract-linux-arm",
        "@msgpackr-extract/msgpackr-extract-linux-arm64",
        "@msgpackr-extract/msgpackr-extract-linux-x64",
        "@msgpackr-extract/msgpackr-extract-win32-x64"
      ],
      "scripts": true,
      "bin": true
    },
    "msgpackr@1.11.2": {
      "integrity": "sha512-F9UngXRlPyWCDEASDpTf6c9uNhGPTqnTeLVt7bN+bU1eajoR/8V9ys2BRaV5C/e5ihE6sJ9uPIKaYt6bFuO32g==",
      "optionalDependencies": [
        "msgpackr-extract"
      ]
    },
    "msgpackr@1.11.4": {
      "integrity": "sha512-uaff7RG9VIC4jacFW9xzL3jc0iM32DNHe4jYVycBcjUePT/Klnfj7pqtWJt9khvDFizmjN2TlYniYmSS2LIaZg==",
      "optionalDependencies": [
        "msgpackr-extract"
      ]
    },
    "multipasta@0.2.5": {
      "integrity": "sha512-c8eMDb1WwZcE02WVjHoOmUVk7fnKU/RmUcosHACglrWAuPQsEJv+E8430sXj6jNc1jHw0zrS16aCjQh4BcEb4A=="
    },
    "nanoid@5.1.3": {
      "integrity": "sha512-zAbEOEr7u2CbxwoMRlz/pNSpRP0FdAU4pRaYunCdEezWohXFs+a0Xw7RfkKaezMsmSM1vttcLthJtwRnVtOfHQ==",
      "bin": true
    },
    "node-addon-api@7.1.1": {
      "integrity": "sha512-5m3bsyrjFWE1xf7nz7YXdN4udnVtXK6/Yfgn5qnahL6bCkf2yKt4k3nuTKAtT4r3IG8JNR2ncsIMdZuAzJjHQQ=="
    },
    "node-gyp-build-optional-packages@5.2.2": {
      "integrity": "sha512-s+w+rBWnpTMwSFbaE0UXsRlg7hU4FjekKU4eyAih5T8nJuNZT1nNsskXpxmeqSK9UzkBl6UgRlnKc8hz8IEqOw==",
      "dependencies": [
        "detect-libc@2.0.4"
      ],
      "bin": true
    },
    "obliterator@2.0.5": {
      "integrity": "sha512-42CPE9AhahZRsMNslczq0ctAEtqk8Eka26QofnqC346BZdHDySk3LWka23LI7ULIw11NmltpiLagIq8gBozxTw=="
    },
    "picomatch@2.3.1": {
      "integrity": "sha512-JU3teHTNjmE2VCGFzuY8EXzCDVwEqB2a8fsIvwaStHhAWJEeVd1o1QD80CU6+ZdEXXSLbSsuLwJjkCBWqRQUVA=="
    },
    "pretty-bytes@6.1.1": {
      "integrity": "sha512-mQUvGU6aUFQ+rNvTIAcZuWGRT9a6f6Yrg9bHs4ImKF+HZCEK+plBvnAZYSIQztknZF2qnzNtr6F8s0+IuptdlQ=="
    },
    "pure-rand@6.1.0": {
      "integrity": "sha512-bVWawvoZoBYpp6yIoQtQXHZjmz35RSVHnUOTefl8Vcjr8snTPY1wnpSPMWekcFwbxI6gtmT7rSYPFvz71ldiOA=="
    },
    "to-regex-range@5.0.1": {
      "integrity": "sha512-65P7iz6X5yEr1cwcgvQxbbIw7Uk3gOy5dIdtZ4rDveLqhrdJP+Li/Hx6tyK0NEb+2GCyneCMJiGqrADCSNk8sQ==",
      "dependencies": [
        "is-number"
      ]
    },
    "toml@3.0.0": {
      "integrity": "sha512-y/mWCZinnvxjTKYhJ+pYxwD0mRLVvOtdS2Awbgxln6iEnt4rk0yBxeSBHkGJcPucRiG0e55mwWp+g/05rsrd6w=="
    },
    "undici@7.10.0": {
      "integrity": "sha512-u5otvFBOBZvmdjWLVW+5DAc9Nkq8f24g0O9oY7qw2JVIF1VocIFoyz9JFkuVOS2j41AufeO0xnlweJ2RLT8nGw=="
    },
    "uuid@11.1.0": {
      "integrity": "sha512-0/A9rDy9P7cJ+8w1c9WD9V//9Wj15Ce2MPz8Ri6032usz+NfePxx5AcN3bN+r6ZL6jEo066/yNYB3tn4pQEx+A==",
      "bin": true
    },
    "ws@8.18.2": {
      "integrity": "sha512-DMricUmwGZUVr++AEAe2uiVM7UoO9MAVZMDu05UQOaUII0lp+zOzLLU4Xqh/JvTqklB1T4uELaaPBKyjE1r4fQ=="
    },
    "yaml@2.8.0": {
      "integrity": "sha512-4lLa/EcQCB0cJkyts+FpIRx5G/llPxfP6VQU5KByHEhLxY3IJCH0f0Hy1MHI8sClTvsIb8qwRJ6R/ZdlDJ/leQ==",
      "bin": true
    }
  },
  "remote": {
    "https://deno.land/std@0.208.0/assert/_constants.ts": "8a9da298c26750b28b326b297316cdde860bc237533b07e1337c021379e6b2a9",
    "https://deno.land/std@0.208.0/assert/_diff.ts": "58e1461cc61d8eb1eacbf2a010932bf6a05b79344b02ca38095f9b805795dc48",
    "https://deno.land/std@0.208.0/assert/_format.ts": "a69126e8a469009adf4cf2a50af889aca364c349797e63174884a52ff75cf4c7",
    "https://deno.land/std@0.208.0/assert/assert.ts": "9a97dad6d98c238938e7540736b826440ad8c1c1e54430ca4c4e623e585607ee",
    "https://deno.land/std@0.208.0/assert/assert_almost_equals.ts": "e15ca1f34d0d5e0afae63b3f5d975cbd18335a132e42b0c747d282f62ad2cd6c",
    "https://deno.land/std@0.208.0/assert/assert_array_includes.ts": "6856d7f2c3544bc6e62fb4646dfefa3d1df5ff14744d1bca19f0cbaf3b0d66c9",
    "https://deno.land/std@0.208.0/assert/assert_equals.ts": "d8ec8a22447fbaf2fc9d7c3ed2e66790fdb74beae3e482855d75782218d68227",
    "https://deno.land/std@0.208.0/assert/assert_exists.ts": "407cb6b9fb23a835cd8d5ad804e2e2edbbbf3870e322d53f79e1c7a512e2efd7",
    "https://deno.land/std@0.208.0/assert/assert_false.ts": "0ccbcaae910f52c857192ff16ea08bda40fdc79de80846c206bfc061e8c851c6",
    "https://deno.land/std@0.208.0/assert/assert_greater.ts": "ae2158a2d19313bf675bf7251d31c6dc52973edb12ac64ac8fc7064152af3e63",
    "https://deno.land/std@0.208.0/assert/assert_greater_or_equal.ts": "1439da5ebbe20855446cac50097ac78b9742abe8e9a43e7de1ce1426d556e89c",
    "https://deno.land/std@0.208.0/assert/assert_instance_of.ts": "3aedb3d8186e120812d2b3a5dea66a6e42bf8c57a8bd927645770bd21eea554c",
    "https://deno.land/std@0.208.0/assert/assert_is_error.ts": "c21113094a51a296ffaf036767d616a78a2ae5f9f7bbd464cd0197476498b94b",
    "https://deno.land/std@0.208.0/assert/assert_less.ts": "aec695db57db42ec3e2b62e97e1e93db0063f5a6ec133326cc290ff4b71b47e4",
    "https://deno.land/std@0.208.0/assert/assert_less_or_equal.ts": "5fa8b6a3ffa20fd0a05032fe7257bf985d207b85685fdbcd23651b70f928c848",
    "https://deno.land/std@0.208.0/assert/assert_match.ts": "c4083f80600bc190309903c95e397a7c9257ff8b5ae5c7ef91e834704e672e9b",
    "https://deno.land/std@0.208.0/assert/assert_not_equals.ts": "9f1acab95bd1f5fc9a1b17b8027d894509a745d91bac1718fdab51dc76831754",
    "https://deno.land/std@0.208.0/assert/assert_not_instance_of.ts": "0c14d3dfd9ab7a5276ed8ed0b18c703d79a3d106102077ec437bfe7ed912bd22",
    "https://deno.land/std@0.208.0/assert/assert_not_match.ts": "3796a5b0c57a1ce6c1c57883dd4286be13a26f715ea662318ab43a8491a13ab0",
    "https://deno.land/std@0.208.0/assert/assert_not_strict_equals.ts": "4cdef83df17488df555c8aac1f7f5ec2b84ad161b6d0645ccdbcc17654e80c99",
    "https://deno.land/std@0.208.0/assert/assert_object_match.ts": "d8fc2867cfd92eeacf9cea621e10336b666de1874a6767b5ec48988838370b54",
    "https://deno.land/std@0.208.0/assert/assert_rejects.ts": "45c59724de2701e3b1f67c391d6c71c392363635aad3f68a1b3408f9efca0057",
    "https://deno.land/std@0.208.0/assert/assert_strict_equals.ts": "b1f538a7ea5f8348aeca261d4f9ca603127c665e0f2bbfeb91fa272787c87265",
    "https://deno.land/std@0.208.0/assert/assert_string_includes.ts": "b821d39ebf5cb0200a348863c86d8c4c4b398e02012ce74ad15666fc4b631b0c",
    "https://deno.land/std@0.208.0/assert/assert_throws.ts": "63784e951475cb7bdfd59878cd25a0931e18f6dc32a6077c454b2cd94f4f4bcd",
    "https://deno.land/std@0.208.0/assert/assertion_error.ts": "4d0bde9b374dfbcbe8ac23f54f567b77024fb67dbb1906a852d67fe050d42f56",
    "https://deno.land/std@0.208.0/assert/equal.ts": "9f1a46d5993966d2596c44e5858eec821859b45f783a5ee2f7a695dfc12d8ece",
    "https://deno.land/std@0.208.0/assert/fail.ts": "c36353d7ae6e1f7933d45f8ea51e358c8c4b67d7e7502028598fe1fea062e278",
    "https://deno.land/std@0.208.0/assert/mod.ts": "37c49a26aae2b254bbe25723434dc28cd7532e444cf0b481a97c045d110ec085",
    "https://deno.land/std@0.208.0/assert/unimplemented.ts": "d56fbeecb1f108331a380f72e3e010a1f161baa6956fd0f7cf3e095ae1a4c75a",
    "https://deno.land/std@0.208.0/assert/unreachable.ts": "4600dc0baf7d9c15a7f7d234f00c23bca8f3eba8b140286aaca7aa998cf9a536",
    "https://deno.land/std@0.208.0/fmt/colors.ts": "34b3f77432925eb72cf0bfb351616949746768620b8e5ead66da532f93d10ba2"
  },
  "workspace": {
    "dependencies": [
      "npm:@livestore/livestore@~0.3.1"
    ],
    "members": {
      "apps/cli": {
        "dependencies": [
          "npm:@livestore/livestore@~0.3.1"
        ]
      },
      "packages/schema": {
        "dependencies": [
          "npm:@livestore/livestore@~0.3.1"
        ]
      }
    }
  }
}
